
Microsoft Visual Studio Solution File, Format Version 12.00
# Visual Studio 15
VisualStudioVersion = 15.0.27004.2010
MinimumVisualStudioVersion = 10.0.40219.1
Project("{888888A0-9F3D-457C-B088-3A5042F75D52}") = "BioinfProjekt1", "BioinfProjekt1\BioinfProjekt1.pyproj", "{E7F39D5C-BE76-4979-B86C-25158FF53B2F}"
EndProject
Global
	GlobalSection(SolutionConfigurationPlatforms) = preSolution
		Debug|Any CPU = Debug|Any CPU
		Release|Any CPU = Release|Any CPU
	EndGlobalSection
	GlobalSection(ProjectConfigurationPlatforms) = postSolution
		{E7F39D5C-BE76-4979-B86C-25158FF53B2F}.Debug|Any CPU.ActiveCfg = Debug|Any CPU
		{E7F39D5C-BE76-4979-B86C-25158FF53B2F}.Release|Any CPU.ActiveCfg = Release|Any CPU
	EndGlobalSection
	GlobalSection(SolutionProperties) = preSolution
		HideSolutionNode = FALSE
	EndGlobalSection
	GlobalSection(ExtensibilityGlobals) = postSolution
		SolutionGuid = {96012B93-EF2D-4F9A-BBD2-97E7FC99892D}
	EndGlobalSection
EndGlobal
